PODS:
  - Capacitor (7.4.4):
    - CapacitorCordova
  - CapacitorCordova (7.4.4)
  - CapacitorSplashScreen (7.0.3):
    - Capacitor
  - InjectHotReload (1.5.0)

DEPENDENCIES:
  - "Capacitor (from `../../node_modules/@capacitor/ios`)"
  - "CapacitorCordova (from `../../node_modules/@capacitor/ios`)"
  - "CapacitorSplashScreen (from `../../node_modules/@capacitor/splash-screen`)"
  - InjectHotReload (~> 1.5)

SPEC REPOS:
  trunk:
    - InjectHotReload

EXTERNAL SOURCES:
  Capacitor:
    :path: "../../node_modules/@capacitor/ios"
  CapacitorCordova:
    :path: "../../node_modules/@capacitor/ios"
  CapacitorSplashScreen:
    :path: "../../node_modules/@capacitor/splash-screen"

SPEC CHECKSUMS:
  Capacitor: 09d9ff8e9618e8c4b3cab2bbee34a17215dd2fef
  CapacitorCordova: bf648a636f3c153f652d312ae145fb508b6ffced
  CapacitorSplashScreen: d06ae8804808e9f649a08e7bb7f283c77b688084
  InjectHotReload: 7cc2f8cf983a4e22d378711f0634ccc7e9d0267c

PODFILE CHECKSUM: cc80fcadf608491e729a910a51e57c1517952319

COCOAPODS: 1.16.2
